# This file is generated by running "yarn install" inside your project.
# Manual changes might be lost - proceed with caution!

__metadata:
  version: 8
  cacheKey: 10

"@bufbuild/protobuf@npm:^1.0.0":
  version: 1.6.0
  resolution: "@bufbuild/protobuf@npm:1.6.0"
  checksum: b2739b421ee6d3e82209602c5f26a37c5b7660fdb63be8c4fc067225aba0fed8536ee84934245356ef2898f4429da86470deed18c8c521389a45f409f484e7cc
  languageName: node
  linkType: hard

"@eklingen/vinyl-stream-sass@workspace:.":
  version: 0.0.0-use.local
  resolution: "@eklingen/vinyl-stream-sass@workspace:."
  dependencies:
    sass-embedded: "npm:^1.69.7"
    source-map: "npm:0.8.0-beta.0"
  dependenciesMeta:
    sass-embedded:
      optional: true
  languageName: unknown
  linkType: soft

"buffer-builder@npm:^0.2.0":
  version: 0.2.0
  resolution: "buffer-builder@npm:0.2.0"
  checksum: 16bd9eb8ac6630a05441bcb56522e956ae6a0724371ecc49b9a6bc10d35690489140df73573d0577e1e85c875737e560a4e2e67521fddd14714ddf4e0097d0ec
  languageName: node
  linkType: hard

"has-flag@npm:^4.0.0":
  version: 4.0.0
  resolution: "has-flag@npm:4.0.0"
  checksum: 261a1357037ead75e338156b1f9452c016a37dcd3283a972a30d9e4a87441ba372c8b81f818cd0fbcd9c0354b4ae7e18b9e1afa1971164aef6d18c2b6095a8ad
  languageName: node
  linkType: hard

"immutable@npm:^4.0.0":
  version: 4.1.0
  resolution: "immutable@npm:4.1.0"
  checksum: 1bd10f07d945ad14c95bbb69c7f58eef23ce8be4b8d097f6c4a786a76c2f09b013f1a8d787a9466b7481b9e474a28afad61d81f0a756d71403971fb1d126014c
  languageName: node
  linkType: hard

"lodash.sortby@npm:^4.7.0":
  version: 4.7.0
  resolution: "lodash.sortby@npm:4.7.0"
  checksum: 38df19ae28608af2c50ac342fc1f414508309d53e1d58ed9adfb2c3cd17c3af290058c0a0478028d932c5404df3d53349d19fa364ef6bed6145a6bc21320399e
  languageName: node
  linkType: hard

"punycode@npm:^2.1.0":
  version: 2.1.1
  resolution: "punycode@npm:2.1.1"
  checksum: 939daa010c2cacebdb060c40ecb52fef0a739324a66f7fffe0f94353a1ee83e3b455e9032054c4a0c4977b0a28e27086f2171c392832b59a01bd948fd8e20914
  languageName: node
  linkType: hard

"rxjs@npm:^7.4.0":
  version: 7.8.1
  resolution: "rxjs@npm:7.8.1"
  dependencies:
    tslib: "npm:^2.1.0"
  checksum: b10cac1a5258f885e9dd1b70d23c34daeb21b61222ee735d2ec40a8685bdca40429000703a44f0e638c27a684ac139e1c37e835d2a0dc16f6fc061a138ae3abb
  languageName: node
  linkType: hard

"sass-embedded-android-arm64@npm:1.69.7":
  version: 1.69.7
  resolution: "sass-embedded-android-arm64@npm:1.69.7"
  bin:
    sass: dart-sass/sass
  conditions: os=android & cpu=arm64
  languageName: node
  linkType: hard

"sass-embedded-android-arm@npm:1.69.7":
  version: 1.69.7
  resolution: "sass-embedded-android-arm@npm:1.69.7"
  bin:
    sass: dart-sass/sass
  conditions: os=android & cpu=arm
  languageName: node
  linkType: hard

"sass-embedded-android-ia32@npm:1.69.7":
  version: 1.69.7
  resolution: "sass-embedded-android-ia32@npm:1.69.7"
  bin:
    sass: dart-sass/sass
  conditions: os=android & cpu=ia32
  languageName: node
  linkType: hard

"sass-embedded-android-x64@npm:1.69.7":
  version: 1.69.7
  resolution: "sass-embedded-android-x64@npm:1.69.7"
  bin:
    sass: dart-sass/sass
  conditions: os=android & cpu=x64
  languageName: node
  linkType: hard

"sass-embedded-darwin-arm64@npm:1.69.7":
  version: 1.69.7
  resolution: "sass-embedded-darwin-arm64@npm:1.69.7"
  bin:
    sass: dart-sass/sass
  conditions: os=darwin & cpu=arm64
  languageName: node
  linkType: hard

"sass-embedded-darwin-x64@npm:1.69.7":
  version: 1.69.7
  resolution: "sass-embedded-darwin-x64@npm:1.69.7"
  bin:
    sass: dart-sass/sass
  conditions: os=darwin & cpu=x64
  languageName: node
  linkType: hard

"sass-embedded-linux-arm64@npm:1.69.7":
  version: 1.69.7
  resolution: "sass-embedded-linux-arm64@npm:1.69.7"
  bin:
    sass: dart-sass/sass
  conditions: os=linux & cpu=arm64
  languageName: node
  linkType: hard

"sass-embedded-linux-arm@npm:1.69.7":
  version: 1.69.7
  resolution: "sass-embedded-linux-arm@npm:1.69.7"
  bin:
    sass: dart-sass/sass
  conditions: os=linux & cpu=arm
  languageName: node
  linkType: hard

"sass-embedded-linux-ia32@npm:1.69.7":
  version: 1.69.7
  resolution: "sass-embedded-linux-ia32@npm:1.69.7"
  bin:
    sass: dart-sass/sass
  conditions: os=linux & cpu=ia32
  languageName: node
  linkType: hard

"sass-embedded-linux-musl-arm64@npm:1.69.7":
  version: 1.69.7
  resolution: "sass-embedded-linux-musl-arm64@npm:1.69.7"
  conditions: os=linux & cpu=arm64
  languageName: node
  linkType: hard

"sass-embedded-linux-musl-arm@npm:1.69.7":
  version: 1.69.7
  resolution: "sass-embedded-linux-musl-arm@npm:1.69.7"
  conditions: os=linux & cpu=arm
  languageName: node
  linkType: hard

"sass-embedded-linux-musl-ia32@npm:1.69.7":
  version: 1.69.7
  resolution: "sass-embedded-linux-musl-ia32@npm:1.69.7"
  conditions: os=linux & cpu=ia32
  languageName: node
  linkType: hard

"sass-embedded-linux-musl-x64@npm:1.69.7":
  version: 1.69.7
  resolution: "sass-embedded-linux-musl-x64@npm:1.69.7"
  conditions: os=linux & cpu=x64
  languageName: node
  linkType: hard

"sass-embedded-linux-x64@npm:1.69.7":
  version: 1.69.7
  resolution: "sass-embedded-linux-x64@npm:1.69.7"
  bin:
    sass: dart-sass/sass
  conditions: os=linux & cpu=x64
  languageName: node
  linkType: hard

"sass-embedded-win32-ia32@npm:1.69.7":
  version: 1.69.7
  resolution: "sass-embedded-win32-ia32@npm:1.69.7"
  bin:
    sass: dart-sass/sass.bat
  conditions: os=win32 & cpu=ia32
  languageName: node
  linkType: hard

"sass-embedded-win32-x64@npm:1.69.7":
  version: 1.69.7
  resolution: "sass-embedded-win32-x64@npm:1.69.7"
  bin:
    sass: dart-sass/sass.bat
  conditions: os=win32 & (cpu=arm64 | cpu=x64)
  languageName: node
  linkType: hard

"sass-embedded@npm:^1.69.7":
  version: 1.69.7
  resolution: "sass-embedded@npm:1.69.7"
  dependencies:
    "@bufbuild/protobuf": "npm:^1.0.0"
    buffer-builder: "npm:^0.2.0"
    immutable: "npm:^4.0.0"
    rxjs: "npm:^7.4.0"
    sass-embedded-android-arm: "npm:1.69.7"
    sass-embedded-android-arm64: "npm:1.69.7"
    sass-embedded-android-ia32: "npm:1.69.7"
    sass-embedded-android-x64: "npm:1.69.7"
    sass-embedded-darwin-arm64: "npm:1.69.7"
    sass-embedded-darwin-x64: "npm:1.69.7"
    sass-embedded-linux-arm: "npm:1.69.7"
    sass-embedded-linux-arm64: "npm:1.69.7"
    sass-embedded-linux-ia32: "npm:1.69.7"
    sass-embedded-linux-musl-arm: "npm:1.69.7"
    sass-embedded-linux-musl-arm64: "npm:1.69.7"
    sass-embedded-linux-musl-ia32: "npm:1.69.7"
    sass-embedded-linux-musl-x64: "npm:1.69.7"
    sass-embedded-linux-x64: "npm:1.69.7"
    sass-embedded-win32-ia32: "npm:1.69.7"
    sass-embedded-win32-x64: "npm:1.69.7"
    supports-color: "npm:^8.1.1"
    varint: "npm:^6.0.0"
  dependenciesMeta:
    sass-embedded-android-arm:
      optional: true
    sass-embedded-android-arm64:
      optional: true
    sass-embedded-android-ia32:
      optional: true
    sass-embedded-android-x64:
      optional: true
    sass-embedded-darwin-arm64:
      optional: true
    sass-embedded-darwin-x64:
      optional: true
    sass-embedded-linux-arm:
      optional: true
    sass-embedded-linux-arm64:
      optional: true
    sass-embedded-linux-ia32:
      optional: true
    sass-embedded-linux-musl-arm:
      optional: true
    sass-embedded-linux-musl-arm64:
      optional: true
    sass-embedded-linux-musl-ia32:
      optional: true
    sass-embedded-linux-musl-x64:
      optional: true
    sass-embedded-linux-x64:
      optional: true
    sass-embedded-win32-ia32:
      optional: true
    sass-embedded-win32-x64:
      optional: true
  checksum: 6a8854c31b1968081eb991f0c0bd069030f83ff22de2312d11a92dc5c6869d823761f88ed4051fa65b2cacf8388fe33c1e018ef5164cab7a208fa55cb304a1d8
  languageName: node
  linkType: hard

"source-map@npm:0.8.0-beta.0":
  version: 0.8.0-beta.0
  resolution: "source-map@npm:0.8.0-beta.0"
  dependencies:
    whatwg-url: "npm:^7.0.0"
  checksum: c02e22ab9f8b8e38655ba1e9abae9fe1f8ba216cbbea922718d5e2ea45821606a74f10edec1db9055e7f7cfd1e6a62e5eade67ec30c017a02f4c8e990accbc1c
  languageName: node
  linkType: hard

"supports-color@npm:^8.1.1":
  version: 8.1.1
  resolution: "supports-color@npm:8.1.1"
  dependencies:
    has-flag: "npm:^4.0.0"
  checksum: 157b534df88e39c5518c5e78c35580c1eca848d7dbaf31bbe06cdfc048e22c7ff1a9d046ae17b25691128f631a51d9ec373c1b740c12ae4f0de6e292037e4282
  languageName: node
  linkType: hard

"tr46@npm:^1.0.1":
  version: 1.0.1
  resolution: "tr46@npm:1.0.1"
  dependencies:
    punycode: "npm:^2.1.0"
  checksum: 6e80d75480cb6658f7f283c15f5f41c2d4dfa243ca99a0e1baf3de6cc823fc4c829f89782a7a11e029905781fccfea42d08d8a6674ba7948c7dbc595b6f27dd3
  languageName: node
  linkType: hard

"tslib@npm:^2.1.0":
  version: 2.6.2
  resolution: "tslib@npm:2.6.2"
  checksum: bd26c22d36736513980091a1e356378e8b662ded04204453d353a7f34a4c21ed0afc59b5f90719d4ba756e581a162ecbf93118dc9c6be5acf70aa309188166ca
  languageName: node
  linkType: hard

"varint@npm:^6.0.0":
  version: 6.0.0
  resolution: "varint@npm:6.0.0"
  checksum: 7684113c9d497c01e40396e50169c502eb2176203219b96e1c5ac965a3e15b4892bd22b7e48d87148e10fffe638130516b6dbeedd0efde2b2d0395aa1772eea7
  languageName: node
  linkType: hard

"webidl-conversions@npm:^4.0.2":
  version: 4.0.2
  resolution: "webidl-conversions@npm:4.0.2"
  checksum: 594187c36f2d7898f89c0ed3b9248a095fa549ecc1befb10a97bc884b5680dc96677f58df5579334d8e0d1018e5ef075689cfa2a6c459f45a61a9deb512cb59e
  languageName: node
  linkType: hard

"whatwg-url@npm:^7.0.0":
  version: 7.1.0
  resolution: "whatwg-url@npm:7.1.0"
  dependencies:
    lodash.sortby: "npm:^4.7.0"
    tr46: "npm:^1.0.1"
    webidl-conversions: "npm:^4.0.2"
  checksum: 769fd35838b4e50536ae08d836472e86adbedda1d5493ea34353c55468147e7868b91d2535b59e01a9e7331ab7e4cdfdf5490c279c045da23c327cf33e32f755
  languageName: node
  linkType: hard
